<?xml version="1.0" encoding="UTF-8"?>
<!DOCTYPE plist PUBLIC "-//Apple//DTD PLIST 1.0//EN" "http://www.apple.com/DTDs/PropertyList-1.0.dtd">
<plist version="1.0">
<dict>
	<key>archiveVersion</key>
	<string>1</string>
	<key>classes</key>
	<dict/>
	<key>objectVersion</key>
	<string>46</string>
	<key>objects</key>
	<dict>
		<key>24606CE93B31F7DB80D0E4EB</key>
		<dict>
			<key>includeInIndex</key>
			<string>1</string>
			<key>isa</key>
			<string>PBXFileReference</string>
			<key>lastKnownFileType</key>
			<string>text.xcconfig</string>
			<key>name</key>
			<string>Pods-MinyaDemo.release.xcconfig</string>
			<key>path</key>
			<string>Pods/Target Support Files/Pods-MinyaDemo/Pods-MinyaDemo.release.xcconfig</string>
			<key>sourceTree</key>
			<string>&lt;group&gt;</string>
		</dict>
		<key>573B92FF80423B7C92DDA985</key>
		<dict>
			<key>buildActionMask</key>
			<string>2147483647</string>
			<key>files</key>
			<array/>
			<key>inputPaths</key>
			<array/>
			<key>isa</key>
			<string>PBXShellScriptBuildPhase</string>
			<key>name</key>
			<string>[CP] Copy Pods Resources</string>
			<key>outputPaths</key>
			<array/>
			<key>runOnlyForDeploymentPostprocessing</key>
			<string>0</string>
			<key>shellPath</key>
			<string>/bin/sh</string>
			<key>shellScript</key>
			<string>"${SRCROOT}/Pods/Target Support Files/Pods-MinyaDemo/Pods-MinyaDemo-resources.sh"
</string>
			<key>showEnvVarsInLog</key>
			<string>0</string>
		</dict>
		<key>7A6A5F2618D1BD7FE0993017</key>
		<dict>
			<key>children</key>
			<array>
				<string>B2CECFB3212332A6BD9C1987</string>
				<string>24606CE93B31F7DB80D0E4EB</string>
			</array>
			<key>isa</key>
			<string>PBXGroup</string>
			<key>name</key>
			<string>Pods</string>
			<key>sourceTree</key>
			<string>&lt;group&gt;</string>
		</dict>
		<key>8C573E967F4150ABC8637ECD</key>
		<dict>
			<key>buildActionMask</key>
			<string>2147483647</string>
			<key>files</key>
			<array/>
			<key>inputPaths</key>
			<array/>
			<key>isa</key>
			<string>PBXShellScriptBuildPhase</string>
			<key>name</key>
			<string>Embed Pods Frameworks</string>
			<key>outputPaths</key>
			<array/>
			<key>runOnlyForDeploymentPostprocessing</key>
			<string>0</string>
			<key>shellPath</key>
			<string>/bin/sh</string>
			<key>shellScript</key>
			<string>"${SRCROOT}/Pods/Target Support Files/Pods-MinyaDemo/Pods-MinyaDemo-frameworks.sh"
</string>
			<key>showEnvVarsInLog</key>
			<string>0</string>
		</dict>
		<key>8D94472B12FBA95642566C25</key>
		<dict>
			<key>buildActionMask</key>
			<string>2147483647</string>
			<key>files</key>
			<array/>
			<key>inputPaths</key>
			<array/>
			<key>isa</key>
			<string>PBXShellScriptBuildPhase</string>
			<key>name</key>
			<string>[CP] Embed Pods Frameworks</string>
			<key>outputPaths</key>
			<array/>
			<key>runOnlyForDeploymentPostprocessing</key>
			<string>0</string>
			<key>shellPath</key>
			<string>/bin/sh</string>
			<key>shellScript</key>
			<string>"${SRCROOT}/Pods/Target Support Files/Pods-MinyaDemo/Pods-MinyaDemo-frameworks.sh"
</string>
			<key>showEnvVarsInLog</key>
			<string>0</string>
		</dict>
		<key>9DF579D8F06D86C39B72594E</key>
		<dict>
			<key>buildActionMask</key>
			<string>2147483647</string>
			<key>files</key>
			<array/>
			<key>inputPaths</key>
			<array/>
			<key>isa</key>
			<string>PBXShellScriptBuildPhase</string>
			<key>name</key>
			<string>[CP] Check Pods Manifest.lock</string>
			<key>outputPaths</key>
			<array/>
			<key>runOnlyForDeploymentPostprocessing</key>
			<string>0</string>
			<key>shellPath</key>
			<string>/bin/sh</string>
			<key>shellScript</key>
			<string>diff "${PODS_ROOT}/../Podfile.lock" "${PODS_ROOT}/Manifest.lock" &gt; /dev/null
if [[ $? != 0 ]] ; then
    cat &lt;&lt; EOM
error: The sandbox is not in sync with the Podfile.lock. Run 'pod install' or update your CocoaPods installation.
EOM
    exit 1
fi
</string>
			<key>showEnvVarsInLog</key>
			<string>0</string>
		</dict>
		<key>B2CECFB3212332A6BD9C1987</key>
		<dict>
			<key>includeInIndex</key>
			<string>1</string>
			<key>isa</key>
			<string>PBXFileReference</string>
			<key>lastKnownFileType</key>
			<string>text.xcconfig</string>
			<key>name</key>
			<string>Pods-MinyaDemo.debug.xcconfig</string>
			<key>path</key>
			<string>Pods/Target Support Files/Pods-MinyaDemo/Pods-MinyaDemo.debug.xcconfig</string>
			<key>sourceTree</key>
			<string>&lt;group&gt;</string>
		</dict>
		<key>CEEE2733E2FB7FB7106BB97B</key>
		<dict>
			<key>children</key>
			<array>
				<string>DE42304832BEE7C82AC7AF08</string>
			</array>
			<key>isa</key>
			<string>PBXGroup</string>
			<key>name</key>
			<string>Frameworks</string>
			<key>sourceTree</key>
			<string>&lt;group&gt;</string>
		</dict>
		<key>DE42304832BEE7C82AC7AF08</key>
		<dict>
			<key>explicitFileType</key>
			<string>wrapper.framework</string>
			<key>includeInIndex</key>
			<string>0</string>
			<key>isa</key>
			<string>PBXFileReference</string>
			<key>path</key>
			<string>Pods_MinyaDemo.framework</string>
			<key>sourceTree</key>
			<string>BUILT_PRODUCTS_DIR</string>
		</dict>
		<key>E119D5811DAFCF9100D2C551</key>
		<dict>
			<key>fileEncoding</key>
			<string>4</string>
			<key>isa</key>
			<string>PBXFileReference</string>
			<key>lastKnownFileType</key>
			<string>sourcecode.c.h</string>
			<key>path</key>
			<string>SearchPhotoDetailService.h</string>
			<key>sourceTree</key>
			<string>&lt;group&gt;</string>
		</dict>
		<key>E119D5821DAFCF9100D2C551</key>
		<dict>
			<key>fileEncoding</key>
			<string>4</string>
			<key>isa</key>
			<string>PBXFileReference</string>
			<key>lastKnownFileType</key>
			<string>sourcecode.c.objc</string>
			<key>path</key>
			<string>SearchPhotoDetailService.m</string>
			<key>sourceTree</key>
			<string>&lt;group&gt;</string>
		</dict>
		<key>E119D5831DAFCF9100D2C551</key>
		<dict>
			<key>fileRef</key>
			<string>E119D5821DAFCF9100D2C551</string>
			<key>isa</key>
			<string>PBXBuildFile</string>
		</dict>
		<key>E119D5841DB0646D00D2C551</key>
		<dict>
			<key>fileEncoding</key>
			<string>4</string>
			<key>isa</key>
			<string>PBXFileReference</string>
			<key>lastKnownFileType</key>
			<string>sourcecode.c.h</string>
			<key>path</key>
			<string>Photo.h</string>
			<key>sourceTree</key>
			<string>&lt;group&gt;</string>
		</dict>
		<key>E119D5851DB0646D00D2C551</key>
		<dict>
			<key>fileEncoding</key>
			<string>4</string>
			<key>isa</key>
			<string>PBXFileReference</string>
			<key>lastKnownFileType</key>
			<string>sourcecode.c.objc</string>
			<key>path</key>
			<string>Photo.m</string>
			<key>sourceTree</key>
			<string>&lt;group&gt;</string>
		</dict>
		<key>E119D5861DB0646D00D2C551</key>
		<dict>
			<key>fileRef</key>
			<string>E119D5851DB0646D00D2C551</string>
			<key>isa</key>
			<string>PBXBuildFile</string>
		</dict>
		<key>E119D5871DB076C600D2C551</key>
		<dict>
			<key>fileEncoding</key>
			<string>4</string>
			<key>isa</key>
			<string>PBXFileReference</string>
			<key>lastKnownFileType</key>
			<string>sourcecode.c.h</string>
			<key>path</key>
			<string>GetPhotoContextService.h</string>
			<key>sourceTree</key>
			<string>&lt;group&gt;</string>
		</dict>
		<key>E119D5881DB076C600D2C551</key>
		<dict>
			<key>fileEncoding</key>
			<string>4</string>
			<key>isa</key>
			<string>PBXFileReference</string>
			<key>lastKnownFileType</key>
			<string>sourcecode.c.objc</string>
			<key>path</key>
			<string>GetPhotoContextService.m</string>
			<key>sourceTree</key>
			<string>&lt;group&gt;</string>
		</dict>
		<key>E119D5891DB076C600D2C551</key>
		<dict>
			<key>fileRef</key>
			<string>E119D5881DB076C600D2C551</string>
			<key>isa</key>
			<string>PBXBuildFile</string>
		</dict>
		<key>E119D58A1DB07FBA00D2C551</key>
		<dict>
			<key>fileEncoding</key>
			<string>4</string>
			<key>isa</key>
			<string>PBXFileReference</string>
			<key>lastKnownFileType</key>
			<string>sourcecode.c.h</string>
			<key>path</key>
			<string>InterestingnessViewController.h</string>
			<key>sourceTree</key>
			<string>&lt;group&gt;</string>
		</dict>
		<key>E119D58B1DB07FBA00D2C551</key>
		<dict>
			<key>fileEncoding</key>
			<string>4</string>
			<key>isa</key>
			<string>PBXFileReference</string>
			<key>lastKnownFileType</key>
			<string>sourcecode.c.objc</string>
			<key>path</key>
			<string>InterestingnessViewController.m</string>
			<key>sourceTree</key>
			<string>&lt;group&gt;</string>
		</dict>
		<key>E119D58C1DB07FBA00D2C551</key>
		<dict>
			<key>fileRef</key>
			<string>E119D58B1DB07FBA00D2C551</string>
			<key>isa</key>
			<string>PBXBuildFile</string>
		</dict>
		<key>E119D58D1DB07FCC00D2C551</key>
		<dict>
			<key>children</key>
			<array>
				<string>E119D5A11DB087E600D2C551</string>
				<string>E119D58A1DB07FBA00D2C551</string>
				<string>E119D58B1DB07FBA00D2C551</string>
				<string>E119D58E1DB07FE800D2C551</string>
				<string>E119D58F1DB07FE800D2C551</string>
				<string>E119D5911DB07FF300D2C551</string>
				<string>E119D5921DB07FF300D2C551</string>
				<string>E119D5941DB0801700D2C551</string>
				<string>E119D5951DB0801700D2C551</string>
			</array>
			<key>isa</key>
			<string>PBXGroup</string>
			<key>name</key>
			<string>Interestingness</string>
			<key>sourceTree</key>
			<string>&lt;group&gt;</string>
		</dict>
		<key>E119D58E1DB07FE800D2C551</key>
		<dict>
			<key>fileEncoding</key>
			<string>4</string>
			<key>isa</key>
			<string>PBXFileReference</string>
			<key>lastKnownFileType</key>
			<string>sourcecode.c.h</string>
			<key>path</key>
			<string>InterestingnessStore.h</string>
			<key>sourceTree</key>
			<string>&lt;group&gt;</string>
		</dict>
		<key>E119D58F1DB07FE800D2C551</key>
		<dict>
			<key>fileEncoding</key>
			<string>4</string>
			<key>isa</key>
			<string>PBXFileReference</string>
			<key>lastKnownFileType</key>
			<string>sourcecode.c.objc</string>
			<key>path</key>
			<string>InterestingnessStore.m</string>
			<key>sourceTree</key>
			<string>&lt;group&gt;</string>
		</dict>
		<key>E119D5901DB07FE800D2C551</key>
		<dict>
			<key>fileRef</key>
			<string>E119D58F1DB07FE800D2C551</string>
			<key>isa</key>
			<string>PBXBuildFile</string>
		</dict>
		<key>E119D5911DB07FF300D2C551</key>
		<dict>
			<key>fileEncoding</key>
			<string>4</string>
			<key>isa</key>
			<string>PBXFileReference</string>
			<key>lastKnownFileType</key>
			<string>sourcecode.c.h</string>
			<key>path</key>
			<string>InterestingnessView.h</string>
			<key>sourceTree</key>
			<string>&lt;group&gt;</string>
		</dict>
		<key>E119D5921DB07FF300D2C551</key>
		<dict>
			<key>fileEncoding</key>
			<string>4</string>
			<key>isa</key>
			<string>PBXFileReference</string>
			<key>lastKnownFileType</key>
			<string>sourcecode.c.objc</string>
			<key>path</key>
			<string>InterestingnessView.m</string>
			<key>sourceTree</key>
			<string>&lt;group&gt;</string>
		</dict>
		<key>E119D5931DB07FF300D2C551</key>
		<dict>
			<key>fileRef</key>
			<string>E119D5921DB07FF300D2C551</string>
			<key>isa</key>
			<string>PBXBuildFile</string>
		</dict>
		<key>E119D5941DB0801700D2C551</key>
		<dict>
			<key>fileEncoding</key>
			<string>4</string>
			<key>isa</key>
			<string>PBXFileReference</string>
			<key>lastKnownFileType</key>
			<string>sourcecode.c.h</string>
			<key>path</key>
			<string>InterestingnessPipeline.h</string>
			<key>sourceTree</key>
			<string>&lt;group&gt;</string>
		</dict>
		<key>E119D5951DB0801700D2C551</key>
		<dict>
			<key>fileEncoding</key>
			<string>4</string>
			<key>isa</key>
			<string>PBXFileReference</string>
			<key>lastKnownFileType</key>
			<string>sourcecode.c.objc</string>
			<key>path</key>
			<string>InterestingnessPipeline.m</string>
			<key>sourceTree</key>
			<string>&lt;group&gt;</string>
		</dict>
		<key>E119D5961DB0801700D2C551</key>
		<dict>
			<key>fileRef</key>
			<string>E119D5951DB0801700D2C551</string>
			<key>isa</key>
			<string>PBXBuildFile</string>
		</dict>
		<key>E119D59D1DB087C200D2C551</key>
		<dict>
			<key>fileEncoding</key>
			<string>4</string>
			<key>isa</key>
			<string>PBXFileReference</string>
			<key>lastKnownFileType</key>
			<string>sourcecode.c.h</string>
			<key>path</key>
			<string>TopImageStore.h</string>
			<key>sourceTree</key>
			<string>&lt;group&gt;</string>
		</dict>
		<key>E119D59E1DB087C200D2C551</key>
		<dict>
			<key>fileEncoding</key>
			<string>4</string>
			<key>isa</key>
			<string>PBXFileReference</string>
			<key>lastKnownFileType</key>
			<string>sourcecode.c.objc</string>
			<key>path</key>
			<string>TopImageStore.m</string>
			<key>sourceTree</key>
			<string>&lt;group&gt;</string>
		</dict>
		<key>E119D59F1DB087C200D2C551</key>
		<dict>
			<key>fileRef</key>
			<string>E119D59E1DB087C200D2C551</string>
			<key>isa</key>
			<string>PBXBuildFile</string>
		</dict>
		<key>E119D5A11DB087E600D2C551</key>
		<dict>
			<key>children</key>
			<array>
				<string>E119D59D1DB087C200D2C551</string>
				<string>E119D59E1DB087C200D2C551</string>
				<string>E119D5A21DB0883800D2C551</string>
				<string>E119D5A31DB0883800D2C551</string>
				<string>E119D5A81DB08A2500D2C551</string>
				<string>E119D5A91DB08A2500D2C551</string>
				<string>E119D5AB1DB0A4E000D2C551</string>
				<string>E119D5AC1DB0A4E000D2C551</string>
			</array>
			<key>isa</key>
			<string>PBXGroup</string>
			<key>name</key>
			<string>TopImage</string>
			<key>sourceTree</key>
			<string>&lt;group&gt;</string>
		</dict>
		<key>E119D5A21DB0883800D2C551</key>
		<dict>
			<key>fileEncoding</key>
			<string>4</string>
			<key>isa</key>
			<string>PBXFileReference</string>
			<key>lastKnownFileType</key>
			<string>sourcecode.c.h</string>
			<key>path</key>
			<string>TopImagePipeline.h</string>
			<key>sourceTree</key>
			<string>&lt;group&gt;</string>
		</dict>
		<key>E119D5A31DB0883800D2C551</key>
		<dict>
			<key>fileEncoding</key>
			<string>4</string>
			<key>isa</key>
			<string>PBXFileReference</string>
			<key>lastKnownFileType</key>
			<string>sourcecode.c.objc</string>
			<key>path</key>
			<string>TopImagePipeline.m</string>
			<key>sourceTree</key>
			<string>&lt;group&gt;</string>
		</dict>
		<key>E119D5A41DB0883800D2C551</key>
		<dict>
			<key>fileRef</key>
			<string>E119D5A31DB0883800D2C551</string>
			<key>isa</key>
			<string>PBXBuildFile</string>
		</dict>
		<key>E119D5A81DB08A2500D2C551</key>
		<dict>
			<key>fileEncoding</key>
			<string>4</string>
			<key>isa</key>
			<string>PBXFileReference</string>
			<key>lastKnownFileType</key>
			<string>sourcecode.c.h</string>
			<key>path</key>
			<string>TopImageView.h</string>
			<key>sourceTree</key>
			<string>&lt;group&gt;</string>
		</dict>
		<key>E119D5A91DB08A2500D2C551</key>
		<dict>
			<key>fileEncoding</key>
			<string>4</string>
			<key>isa</key>
			<string>PBXFileReference</string>
			<key>lastKnownFileType</key>
			<string>sourcecode.c.objc</string>
			<key>path</key>
			<string>TopImageView.m</string>
			<key>sourceTree</key>
			<string>&lt;group&gt;</string>
		</dict>
		<key>E119D5AA1DB08A2500D2C551</key>
		<dict>
			<key>fileRef</key>
			<string>E119D5A91DB08A2500D2C551</string>
			<key>isa</key>
			<string>PBXBuildFile</string>
		</dict>
		<key>E119D5AB1DB0A4E000D2C551</key>
		<dict>
			<key>fileEncoding</key>
			<string>4</string>
			<key>isa</key>
			<string>PBXFileReference</string>
			<key>lastKnownFileType</key>
			<string>sourcecode.c.h</string>
			<key>path</key>
			<string>GetSizesService.h</string>
			<key>sourceTree</key>
			<string>&lt;group&gt;</string>
		</dict>
		<key>E119D5AC1DB0A4E000D2C551</key>
		<dict>
			<key>fileEncoding</key>
			<string>4</string>
			<key>isa</key>
			<string>PBXFileReference</string>
			<key>lastKnownFileType</key>
			<string>sourcecode.c.objc</string>
			<key>path</key>
			<string>GetSizesService.m</string>
			<key>sourceTree</key>
			<string>&lt;group&gt;</string>
		</dict>
		<key>E119D5AD1DB0A4E000D2C551</key>
		<dict>
			<key>fileRef</key>
			<string>E119D5AC1DB0A4E000D2C551</string>
			<key>isa</key>
			<string>PBXBuildFile</string>
		</dict>
		<key>E13555A51D9A714C001F8FA8</key>
		<dict>
			<key>children</key>
			<array>
				<string>E1798D261DB237CC00254295</string>
				<string>E13555B01D9A714C001F8FA8</string>
				<string>E1798D771DB2391B00254295</string>
				<string>E13555AF1D9A714C001F8FA8</string>
				<string>7A6A5F2618D1BD7FE0993017</string>
				<string>CEEE2733E2FB7FB7106BB97B</string>
			</array>
			<key>isa</key>
			<string>PBXGroup</string>
			<key>sourceTree</key>
			<string>&lt;group&gt;</string>
		</dict>
		<key>E13555A61D9A714C001F8FA8</key>
		<dict>
			<key>attributes</key>
			<dict>
				<key>CLASSPREFIX</key>
				<string>MI</string>
				<key>LastUpgradeCheck</key>
				<string>0810</string>
				<key>ORGANIZATIONNAME</key>
				<string>Minya</string>
				<key>TargetAttributes</key>
				<dict>
					<key>E13555AD1D9A714C001F8FA8</key>
					<dict>
						<key>CreatedOnToolsVersion</key>
						<string>8.0</string>
						<key>ProvisioningStyle</key>
						<string>Automatic</string>
					</dict>
					<key>E1798D751DB2391B00254295</key>
					<dict>
						<key>CreatedOnToolsVersion</key>
						<string>8.1</string>
						<key>ProvisioningStyle</key>
						<string>Automatic</string>
						<key>TestTargetID</key>
						<string>E13555AD1D9A714C001F8FA8</string>
					</dict>
				</dict>
			</dict>
			<key>buildConfigurationList</key>
			<string>E13555A91D9A714C001F8FA8</string>
			<key>compatibilityVersion</key>
			<string>Xcode 3.2</string>
			<key>developmentRegion</key>
			<string>English</string>
			<key>hasScannedForEncodings</key>
			<string>0</string>
			<key>isa</key>
			<string>PBXProject</string>
			<key>knownRegions</key>
			<array>
				<string>en</string>
				<string>Base</string>
			</array>
			<key>mainGroup</key>
			<string>E13555A51D9A714C001F8FA8</string>
			<key>productRefGroup</key>
			<string>E13555AF1D9A714C001F8FA8</string>
			<key>projectDirPath</key>
			<string></string>
			<key>projectReferences</key>
			<array/>
			<key>projectRoot</key>
			<string></string>
			<key>targets</key>
			<array>
				<string>E13555AD1D9A714C001F8FA8</string>
				<string>E1798D751DB2391B00254295</string>
			</array>
		</dict>
		<key>E13555A91D9A714C001F8FA8</key>
		<dict>
			<key>buildConfigurations</key>
			<array>
				<string>E13555CE1D9A714C001F8FA8</string>
				<string>E13555CF1D9A714C001F8FA8</string>
			</array>
			<key>defaultConfigurationIsVisible</key>
			<string>0</string>
			<key>defaultConfigurationName</key>
			<string>Release</string>
			<key>isa</key>
			<string>XCConfigurationList</string>
		</dict>
		<key>E13555AA1D9A714C001F8FA8</key>
		<dict>
			<key>buildActionMask</key>
			<string>2147483647</string>
			<key>files</key>
			<array>
				<string>E1C3D8181DAF8B0500044718</string>
				<string>E1798D5F1DB237CC00254295</string>
				<string>E1798D631DB237CC00254295</string>
				<string>E119D5891DB076C600D2C551</string>
				<string>E1798D671DB237CC00254295</string>
				<string>E1798D6D1DB237CC00254295</string>
				<string>E1C3D7F41DAF73FB00044718</string>
				<string>E1798D6F1DB237CC00254295</string>
				<string>E119D58C1DB07FBA00D2C551</string>
				<string>E1798D6B1DB237CC00254295</string>
				<string>E119D5931DB07FF300D2C551</string>
				<string>E13555B61D9A714C001F8FA8</string>
				<string>E1C3D7FD1DAF759C00044718</string>
				<string>E1798D5C1DB237CC00254295</string>
				<string>E1798D711DB237CC00254295</string>
				<string>E1798D651DB237CC00254295</string>
				<string>E1798D641DB237CC00254295</string>
				<string>E1C3D81B1DAF8B3A00044718</string>
				<string>E119D5961DB0801700D2C551</string>
				<string>E1798D661DB237CC00254295</string>
				<string>E13555B31D9A714C001F8FA8</string>
				<string>E119D5861DB0646D00D2C551</string>
				<string>E1798D6A1DB237CC00254295</string>
				<string>E1C3D80E1DAF860600044718</string>
				<string>E1798D6E1DB237CC00254295</string>
				<string>E1C3D8121DAF8AE400044718</string>
				<string>E1C3D8081DAF818300044718</string>
				<string>E1C3D8151DAF8AF400044718</string>
				<string>E1798D5D1DB237CC00254295</string>
				<string>E1C3D8051DAF815D00044718</string>
				<string>E119D5A41DB0883800D2C551</string>
				<string>E119D5AA1DB08A2500D2C551</string>
				<string>E119D5831DAFCF9100D2C551</string>
				<string>E1798D5E1DB237CC00254295</string>
				<string>E1798D611DB237CC00254295</string>
				<string>E119D5AD1DB0A4E000D2C551</string>
				<string>E1798D701DB237CC00254295</string>
				<string>E1C3D8021DAF814A00044718</string>
				<string>E119D5901DB07FE800D2C551</string>
				<string>E119D59F1DB087C200D2C551</string>
				<string>E1C3D80B1DAF81AC00044718</string>
				<string>E1C3D7F71DAF741B00044718</string>
				<string>E1C3D7FA1DAF742E00044718</string>
				<string>E1798D621DB237CC00254295</string>
				<string>E1798D601DB237CC00254295</string>
				<string>E1798D6C1DB237CC00254295</string>
			</array>
			<key>isa</key>
			<string>PBXSourcesBuildPhase</string>
			<key>runOnlyForDeploymentPostprocessing</key>
			<string>0</string>
		</dict>
		<key>E13555AB1D9A714C001F8FA8</key>
		<dict>
			<key>buildActionMask</key>
			<string>2147483647</string>
			<key>files</key>
			<array>
				<string>E702B688D1DFD71E0680DE53</string>
			</array>
			<key>isa</key>
			<string>PBXFrameworksBuildPhase</string>
			<key>runOnlyForDeploymentPostprocessing</key>
			<string>0</string>
		</dict>
		<key>E13555AC1D9A714C001F8FA8</key>
		<dict>
			<key>buildActionMask</key>
			<string>2147483647</string>
			<key>files</key>
			<array>
				<string>E13555C11D9A714C001F8FA8</string>
				<string>E13555BE1D9A714C001F8FA8</string>
			</array>
			<key>isa</key>
			<string>PBXResourcesBuildPhase</string>
			<key>runOnlyForDeploymentPostprocessing</key>
			<string>0</string>
		</dict>
		<key>E13555AD1D9A714C001F8FA8</key>
		<dict>
			<key>buildConfigurationList</key>
			<string>E13555D01D9A714C001F8FA8</string>
			<key>buildPhases</key>
			<array>
				<string>9DF579D8F06D86C39B72594E</string>
				<string>E13555AA1D9A714C001F8FA8</string>
				<string>E13555AB1D9A714C001F8FA8</string>
				<string>E13555AC1D9A714C001F8FA8</string>
				<string>8D94472B12FBA95642566C25</string>
				<string>573B92FF80423B7C92DDA985</string>
				<string>8C573E967F4150ABC8637ECD</string>
			</array>
			<key>buildRules</key>
			<array/>
			<key>dependencies</key>
			<array/>
			<key>isa</key>
			<string>PBXNativeTarget</string>
			<key>name</key>
			<string>MinyaDemo</string>
			<key>productName</key>
			<string>MinyaDemo</string>
			<key>productReference</key>
			<string>E13555AE1D9A714C001F8FA8</string>
			<key>productType</key>
			<string>com.apple.product-type.application</string>
		</dict>
		<key>E13555AE1D9A714C001F8FA8</key>
		<dict>
			<key>explicitFileType</key>
			<string>wrapper.application</string>
			<key>includeInIndex</key>
			<string>0</string>
			<key>isa</key>
			<string>PBXFileReference</string>
			<key>path</key>
			<string>MinyaDemo.app</string>
			<key>sourceTree</key>
			<string>BUILT_PRODUCTS_DIR</string>
		</dict>
		<key>E13555AF1D9A714C001F8FA8</key>
		<dict>
			<key>children</key>
			<array>
				<string>E13555AE1D9A714C001F8FA8</string>
				<string>E1798D761DB2391B00254295</string>
			</array>
			<key>isa</key>
			<string>PBXGroup</string>
			<key>name</key>
			<string>Products</string>
			<key>sourceTree</key>
			<string>&lt;group&gt;</string>
		</dict>
		<key>E13555B01D9A714C001F8FA8</key>
		<dict>
			<key>children</key>
			<array>
				<string>E119D58D1DB07FCC00D2C551</string>
				<string>E1C3D80F1DAF897B00044718</string>
				<string>E1C3D7FF1DAF812F00044718</string>
				<string>E1C3D7F11DAF73CC00044718</string>
				<string>E13555B41D9A714C001F8FA8</string>
				<string>E13555B51D9A714C001F8FA8</string>
				<string>E13555BD1D9A714C001F8FA8</string>
				<string>E13555BF1D9A714C001F8FA8</string>
				<string>E13555C21D9A714C001F8FA8</string>
				<string>E13555B11D9A714C001F8FA8</string>
			</array>
			<key>isa</key>
			<string>PBXGroup</string>
			<key>path</key>
			<string>MinyaDemo</string>
			<key>sourceTree</key>
			<string>&lt;group&gt;</string>
		</dict>
		<key>E13555B11D9A714C001F8FA8</key>
		<dict>
			<key>children</key>
			<array>
				<string>E13555B21D9A714C001F8FA8</string>
			</array>
			<key>isa</key>
			<string>PBXGroup</string>
			<key>name</key>
			<string>Supporting Files</string>
			<key>sourceTree</key>
			<string>&lt;group&gt;</string>
		</dict>
		<key>E13555B21D9A714C001F8FA8</key>
		<dict>
			<key>isa</key>
			<string>PBXFileReference</string>
			<key>lastKnownFileType</key>
			<string>sourcecode.c.objc</string>
			<key>path</key>
			<string>main.m</string>
			<key>sourceTree</key>
			<string>&lt;group&gt;</string>
		</dict>
		<key>E13555B31D9A714C001F8FA8</key>
		<dict>
			<key>fileRef</key>
			<string>E13555B21D9A714C001F8FA8</string>
			<key>isa</key>
			<string>PBXBuildFile</string>
		</dict>
		<key>E13555B41D9A714C001F8FA8</key>
		<dict>
			<key>isa</key>
			<string>PBXFileReference</string>
			<key>lastKnownFileType</key>
			<string>sourcecode.c.h</string>
			<key>path</key>
			<string>AppDelegate.h</string>
			<key>sourceTree</key>
			<string>&lt;group&gt;</string>
		</dict>
		<key>E13555B51D9A714C001F8FA8</key>
		<dict>
			<key>isa</key>
			<string>PBXFileReference</string>
			<key>lastKnownFileType</key>
			<string>sourcecode.c.objc</string>
			<key>path</key>
			<string>AppDelegate.m</string>
			<key>sourceTree</key>
			<string>&lt;group&gt;</string>
		</dict>
		<key>E13555B61D9A714C001F8FA8</key>
		<dict>
			<key>fileRef</key>
			<string>E13555B51D9A714C001F8FA8</string>
			<key>isa</key>
			<string>PBXBuildFile</string>
		</dict>
		<key>E13555BD1D9A714C001F8FA8</key>
		<dict>
			<key>isa</key>
			<string>PBXFileReference</string>
			<key>lastKnownFileType</key>
			<string>folder.assetcatalog</string>
			<key>path</key>
			<string>Assets.xcassets</string>
			<key>sourceTree</key>
			<string>&lt;group&gt;</string>
		</dict>
		<key>E13555BE1D9A714C001F8FA8</key>
		<dict>
			<key>fileRef</key>
			<string>E13555BD1D9A714C001F8FA8</string>
			<key>isa</key>
			<string>PBXBuildFile</string>
		</dict>
		<key>E13555BF1D9A714C001F8FA8</key>
		<dict>
			<key>children</key>
			<array>
				<string>E13555C01D9A714C001F8FA8</string>
			</array>
			<key>isa</key>
			<string>PBXVariantGroup</string>
			<key>name</key>
			<string>LaunchScreen.storyboard</string>
			<key>sourceTree</key>
			<string>&lt;group&gt;</string>
		</dict>
		<key>E13555C01D9A714C001F8FA8</key>
		<dict>
			<key>isa</key>
			<string>PBXFileReference</string>
			<key>lastKnownFileType</key>
			<string>file.storyboard</string>
			<key>name</key>
			<string>Base</string>
			<key>path</key>
			<string>Base.lproj/LaunchScreen.storyboard</string>
			<key>sourceTree</key>
			<string>&lt;group&gt;</string>
		</dict>
		<key>E13555C11D9A714C001F8FA8</key>
		<dict>
			<key>fileRef</key>
			<string>E13555BF1D9A714C001F8FA8</string>
			<key>isa</key>
			<string>PBXBuildFile</string>
		</dict>
		<key>E13555C21D9A714C001F8FA8</key>
		<dict>
			<key>isa</key>
			<string>PBXFileReference</string>
			<key>lastKnownFileType</key>
			<string>text.plist.xml</string>
			<key>path</key>
			<string>Info.plist</string>
			<key>sourceTree</key>
			<string>&lt;group&gt;</string>
		</dict>
		<key>E13555CE1D9A714C001F8FA8</key>
		<dict>
			<key>buildSettings</key>
			<dict>
				<key>ALWAYS_SEARCH_USER_PATHS</key>
				<string>NO</string>
				<key>CLANG_ANALYZER_NONNULL</key>
				<string>YES</string>
				<key>CLANG_CXX_LANGUAGE_STANDARD</key>
				<string>gnu++0x</string>
				<key>CLANG_CXX_LIBRARY</key>
				<string>libc++</string>
				<key>CLANG_ENABLE_MODULES</key>
				<string>YES</string>
				<key>CLANG_ENABLE_OBJC_ARC</key>
				<string>YES</string>
				<key>CLANG_WARN_BOOL_CONVERSION</key>
				<string>YES</string>
				<key>CLANG_WARN_CONSTANT_CONVERSION</key>
				<string>YES</string>
				<key>CLANG_WARN_DIRECT_OBJC_ISA_USAGE</key>
				<string>YES_ERROR</string>
				<key>CLANG_WARN_DOCUMENTATION_COMMENTS</key>
				<string>YES</string>
				<key>CLANG_WARN_EMPTY_BODY</key>
				<string>YES</string>
				<key>CLANG_WARN_ENUM_CONVERSION</key>
				<string>YES</string>
				<key>CLANG_WARN_INFINITE_RECURSION</key>
				<string>YES</string>
				<key>CLANG_WARN_INT_CONVERSION</key>
				<string>YES</string>
				<key>CLANG_WARN_OBJC_ROOT_CLASS</key>
				<string>YES_ERROR</string>
				<key>CLANG_WARN_SUSPICIOUS_MOVE</key>
				<string>YES</string>
				<key>CLANG_WARN_SUSPICIOUS_MOVES</key>
				<string>YES</string>
				<key>CLANG_WARN_UNREACHABLE_CODE</key>
				<string>YES</string>
				<key>CLANG_WARN__DUPLICATE_METHOD_MATCH</key>
				<string>YES</string>
				<key>CODE_SIGN_IDENTITY[sdk=iphoneos*]</key>
				<string>iPhone Developer</string>
				<key>COPY_PHASE_STRIP</key>
				<string>NO</string>
				<key>DEBUG_INFORMATION_FORMAT</key>
				<string>dwarf</string>
				<key>ENABLE_STRICT_OBJC_MSGSEND</key>
				<string>YES</string>
				<key>ENABLE_TESTABILITY</key>
				<string>YES</string>
				<key>GCC_C_LANGUAGE_STANDARD</key>
				<string>gnu99</string>
				<key>GCC_DYNAMIC_NO_PIC</key>
				<string>NO</string>
				<key>GCC_NO_COMMON_BLOCKS</key>
				<string>YES</string>
				<key>GCC_OPTIMIZATION_LEVEL</key>
				<string>0</string>
				<key>GCC_PREPROCESSOR_DEFINITIONS</key>
				<array>
					<string>DEBUG=1</string>
					<string>$(inherited)</string>
				</array>
				<key>GCC_WARN_64_TO_32_BIT_CONVERSION</key>
				<string>YES</string>
				<key>GCC_WARN_ABOUT_RETURN_TYPE</key>
				<string>YES_ERROR</string>
				<key>GCC_WARN_UNDECLARED_SELECTOR</key>
				<string>YES</string>
				<key>GCC_WARN_UNINITIALIZED_AUTOS</key>
				<string>YES_AGGRESSIVE</string>
				<key>GCC_WARN_UNUSED_FUNCTION</key>
				<string>YES</string>
				<key>GCC_WARN_UNUSED_VARIABLE</key>
				<string>YES</string>
				<key>IPHONEOS_DEPLOYMENT_TARGET</key>
				<string>8.0</string>
				<key>MTL_ENABLE_DEBUG_INFO</key>
				<string>YES</string>
				<key>ONLY_ACTIVE_ARCH</key>
				<string>YES</string>
				<key>SDKROOT</key>
				<string>iphoneos</string>
			</dict>
			<key>isa</key>
			<string>XCBuildConfiguration</string>
			<key>name</key>
			<string>Debug</string>
		</dict>
		<key>E13555CF1D9A714C001F8FA8</key>
		<dict>
			<key>buildSettings</key>
			<dict>
				<key>ALWAYS_SEARCH_USER_PATHS</key>
				<string>NO</string>
				<key>CLANG_ANALYZER_NONNULL</key>
				<string>YES</string>
				<key>CLANG_CXX_LANGUAGE_STANDARD</key>
				<string>gnu++0x</string>
				<key>CLANG_CXX_LIBRARY</key>
				<string>libc++</string>
				<key>CLANG_ENABLE_MODULES</key>
				<string>YES</string>
				<key>CLANG_ENABLE_OBJC_ARC</key>
				<string>YES</string>
				<key>CLANG_WARN_BOOL_CONVERSION</key>
				<string>YES</string>
				<key>CLANG_WARN_CONSTANT_CONVERSION</key>
				<string>YES</string>
				<key>CLANG_WARN_DIRECT_OBJC_ISA_USAGE</key>
				<string>YES_ERROR</string>
				<key>CLANG_WARN_DOCUMENTATION_COMMENTS</key>
				<string>YES</string>
				<key>CLANG_WARN_EMPTY_BODY</key>
				<string>YES</string>
				<key>CLANG_WARN_ENUM_CONVERSION</key>
				<string>YES</string>
				<key>CLANG_WARN_INFINITE_RECURSION</key>
				<string>YES</string>
				<key>CLANG_WARN_INT_CONVERSION</key>
				<string>YES</string>
				<key>CLANG_WARN_OBJC_ROOT_CLASS</key>
				<string>YES_ERROR</string>
				<key>CLANG_WARN_SUSPICIOUS_MOVE</key>
				<string>YES</string>
				<key>CLANG_WARN_SUSPICIOUS_MOVES</key>
				<string>YES</string>
				<key>CLANG_WARN_UNREACHABLE_CODE</key>
				<string>YES</string>
				<key>CLANG_WARN__DUPLICATE_METHOD_MATCH</key>
				<string>YES</string>
				<key>CODE_SIGN_IDENTITY[sdk=iphoneos*]</key>
				<string>iPhone Developer</string>
				<key>COPY_PHASE_STRIP</key>
				<string>NO</string>
				<key>DEBUG_INFORMATION_FORMAT</key>
				<string>dwarf-with-dsym</string>
				<key>ENABLE_NS_ASSERTIONS</key>
				<string>NO</string>
				<key>ENABLE_STRICT_OBJC_MSGSEND</key>
				<string>YES</string>
				<key>GCC_C_LANGUAGE_STANDARD</key>
				<string>gnu99</string>
				<key>GCC_NO_COMMON_BLOCKS</key>
				<string>YES</string>
				<key>GCC_WARN_64_TO_32_BIT_CONVERSION</key>
				<string>YES</string>
				<key>GCC_WARN_ABOUT_RETURN_TYPE</key>
				<string>YES_ERROR</string>
				<key>GCC_WARN_UNDECLARED_SELECTOR</key>
				<string>YES</string>
				<key>GCC_WARN_UNINITIALIZED_AUTOS</key>
				<string>YES_AGGRESSIVE</string>
				<key>GCC_WARN_UNUSED_FUNCTION</key>
				<string>YES</string>
				<key>GCC_WARN_UNUSED_VARIABLE</key>
				<string>YES</string>
				<key>IPHONEOS_DEPLOYMENT_TARGET</key>
				<string>8.0</string>
				<key>MTL_ENABLE_DEBUG_INFO</key>
				<string>NO</string>
				<key>SDKROOT</key>
				<string>iphoneos</string>
				<key>VALIDATE_PRODUCT</key>
				<string>YES</string>
			</dict>
			<key>isa</key>
			<string>XCBuildConfiguration</string>
			<key>name</key>
			<string>Release</string>
		</dict>
		<key>E13555D01D9A714C001F8FA8</key>
		<dict>
			<key>buildConfigurations</key>
			<array>
				<string>E13555D11D9A714C001F8FA8</string>
				<string>E13555D21D9A714C001F8FA8</string>
			</array>
			<key>defaultConfigurationIsVisible</key>
			<string>0</string>
			<key>defaultConfigurationName</key>
			<string>Release</string>
			<key>isa</key>
			<string>XCConfigurationList</string>
		</dict>
		<key>E13555D11D9A714C001F8FA8</key>
		<dict>
			<key>baseConfigurationReference</key>
			<string>B2CECFB3212332A6BD9C1987</string>
			<key>buildSettings</key>
			<dict>
				<key>ASSETCATALOG_COMPILER_APPICON_NAME</key>
				<string>AppIcon</string>
				<key>DEVELOPMENT_TEAM</key>
				<string></string>
				<key>INFOPLIST_FILE</key>
				<string>MinyaDemo/Info.plist</string>
				<key>IPHONEOS_DEPLOYMENT_TARGET</key>
				<string>8.0</string>
				<key>LD_RUNPATH_SEARCH_PATHS</key>
				<string>$(inherited) @executable_path/Frameworks</string>
				<key>PRODUCT_BUNDLE_IDENTIFIER</key>
				<string>com.example.MinyaDemo</string>
				<key>PRODUCT_NAME</key>
				<string>$(TARGET_NAME)</string>
			</dict>
			<key>isa</key>
			<string>XCBuildConfiguration</string>
			<key>name</key>
			<string>Debug</string>
		</dict>
		<key>E13555D21D9A714C001F8FA8</key>
		<dict>
			<key>baseConfigurationReference</key>
			<string>24606CE93B31F7DB80D0E4EB</string>
			<key>buildSettings</key>
			<dict>
				<key>ASSETCATALOG_COMPILER_APPICON_NAME</key>
				<string>AppIcon</string>
				<key>DEVELOPMENT_TEAM</key>
				<string></string>
				<key>INFOPLIST_FILE</key>
				<string>MinyaDemo/Info.plist</string>
				<key>IPHONEOS_DEPLOYMENT_TARGET</key>
				<string>8.0</string>
				<key>LD_RUNPATH_SEARCH_PATHS</key>
				<string>$(inherited) @executable_path/Frameworks</string>
				<key>PRODUCT_BUNDLE_IDENTIFIER</key>
				<string>com.example.MinyaDemo</string>
				<key>PRODUCT_NAME</key>
				<string>$(TARGET_NAME)</string>
			</dict>
			<key>isa</key>
			<string>XCBuildConfiguration</string>
			<key>name</key>
			<string>Release</string>
		</dict>
		<key>E1798D261DB237CC00254295</key>
		<dict>
			<key>children</key>
			<array>
				<string>E1798D271DB237CC00254295</string>
				<string>E1798D2E1DB237CC00254295</string>
				<string>E1798D491DB237CC00254295</string>
				<string>E1798D4A1DB237CC00254295</string>
				<string>E1798D4D1DB237CC00254295</string>
			</array>
			<key>isa</key>
			<string>PBXGroup</string>
			<key>name</key>
			<string>Minya</string>
			<key>path</key>
			<string>../Minya</string>
			<key>sourceTree</key>
			<string>&lt;group&gt;</string>
		</dict>
		<key>E1798D271DB237CC00254295</key>
		<dict>
			<key>children</key>
			<array>
				<string>E1798D281DB237CC00254295</string>
				<string>E1798D291DB237CC00254295</string>
				<string>E1798D2A1DB237CC00254295</string>
				<string>E1798D2B1DB237CC00254295</string>
				<string>E1798D2C1DB237CC00254295</string>
				<string>E1798D2D1DB237CC00254295</string>
			</array>
			<key>isa</key>
			<string>PBXGroup</string>
			<key>path</key>
			<string>Core</string>
			<key>sourceTree</key>
			<string>&lt;group&gt;</string>
		</dict>
		<key>E1798D281DB237CC00254295</key>
		<dict>
			<key>fileEncoding</key>
			<string>4</string>
			<key>isa</key>
			<string>PBXFileReference</string>
			<key>lastKnownFileType</key>
			<string>sourcecode.c.h</string>
			<key>path</key>
			<string>NSObject+MIDealloc.h</string>
			<key>sourceTree</key>
			<string>&lt;group&gt;</string>
		</dict>
		<key>E1798D291DB237CC00254295</key>
		<dict>
			<key>fileEncoding</key>
			<string>4</string>
			<key>isa</key>
			<string>PBXFileReference</string>
			<key>lastKnownFileType</key>
			<string>sourcecode.c.objc</string>
			<key>path</key>
			<string>NSObject+MIDealloc.m</string>
			<key>sourceTree</key>
			<string>&lt;group&gt;</string>
		</dict>
		<key>E1798D2A1DB237CC00254295</key>
		<dict>
			<key>fileEncoding</key>
			<string>4</string>
			<key>isa</key>
			<string>PBXFileReference</string>
			<key>lastKnownFileType</key>
			<string>sourcecode.c.h</string>
			<key>path</key>
			<string>NSObject+MIKVO.h</string>
			<key>sourceTree</key>
			<string>&lt;group&gt;</string>
		</dict>
		<key>E1798D2B1DB237CC00254295</key>
		<dict>
			<key>fileEncoding</key>
			<string>4</string>
			<key>isa</key>
			<string>PBXFileReference</string>
			<key>lastKnownFileType</key>
			<string>sourcecode.c.objc</string>
			<key>path</key>
			<string>NSObject+MIKVO.m</string>
			<key>sourceTree</key>
			<string>&lt;group&gt;</string>
		</dict>
		<key>E1798D2C1DB237CC00254295</key>
		<dict>
			<key>fileEncoding</key>
			<string>4</string>
			<key>isa</key>
			<string>PBXFileReference</string>
			<key>lastKnownFileType</key>
			<string>sourcecode.c.h</string>
			<key>path</key>
			<string>NSObject+MISwizzle.h</string>
			<key>sourceTree</key>
			<string>&lt;group&gt;</string>
		</dict>
		<key>E1798D2D1DB237CC00254295</key>
		<dict>
			<key>fileEncoding</key>
			<string>4</string>
			<key>isa</key>
			<string>PBXFileReference</string>
			<key>lastKnownFileType</key>
			<string>sourcecode.c.objc</string>
			<key>path</key>
			<string>NSObject+MISwizzle.m</string>
			<key>sourceTree</key>
			<string>&lt;group&gt;</string>
		</dict>
		<key>E1798D2E1DB237CC00254295</key>
		<dict>
			<key>children</key>
			<array>
				<string>E1798D2F1DB237CC00254295</string>
			</array>
			<key>isa</key>
			<string>PBXGroup</string>
			<key>path</key>
			<string>Lib</string>
			<key>sourceTree</key>
			<string>&lt;group&gt;</string>
		</dict>
		<key>E1798D2F1DB237CC00254295</key>
		<dict>
			<key>children</key>
			<array>
				<string>E1798D301DB237CC00254295</string>
				<string>E1798D471DB237CC00254295</string>
				<string>E1798D481DB237CC00254295</string>
			</array>
			<key>isa</key>
			<string>PBXGroup</string>
			<key>path</key>
			<string>libextobjc</string>
			<key>sourceTree</key>
			<string>&lt;group&gt;</string>
		</dict>
		<key>E1798D301DB237CC00254295</key>
		<dict>
			<key>children</key>
			<array>
				<string>E1798D311DB237CC00254295</string>
				<string>E1798D321DB237CC00254295</string>
				<string>E1798D331DB237CC00254295</string>
				<string>E1798D341DB237CC00254295</string>
				<string>E1798D351DB237CC00254295</string>
				<string>E1798D361DB237CC00254295</string>
				<string>E1798D371DB237CC00254295</string>
				<string>E1798D381DB237CC00254295</string>
				<string>E1798D391DB237CC00254295</string>
				<string>E1798D3A1DB237CC00254295</string>
				<string>E1798D3B1DB237CC00254295</string>
				<string>E1798D3C1DB237CC00254295</string>
				<string>E1798D3D1DB237CC00254295</string>
				<string>E1798D3E1DB237CC00254295</string>
				<string>E1798D3F1DB237CC00254295</string>
				<string>E1798D401DB237CC00254295</string>
				<string>E1798D411DB237CC00254295</string>
				<string>E1798D421DB237CC00254295</string>
				<string>E1798D431DB237CC00254295</string>
				<string>E1798D441DB237CC00254295</string>
				<string>E1798D451DB237CC00254295</string>
				<string>E1798D461DB237CC00254295</string>
			</array>
			<key>isa</key>
			<string>PBXGroup</string>
			<key>path</key>
			<string>extobjc</string>
			<key>sourceTree</key>
			<string>&lt;group&gt;</string>
		</dict>
		<key>E1798D311DB237CC00254295</key>
		<dict>
			<key>fileEncoding</key>
			<string>4</string>
			<key>isa</key>
			<string>PBXFileReference</string>
			<key>lastKnownFileType</key>
			<string>sourcecode.c.h</string>
			<key>path</key>
			<string>EXTADT.h</string>
			<key>sourceTree</key>
			<string>&lt;group&gt;</string>
		</dict>
		<key>E1798D321DB237CC00254295</key>
		<dict>
			<key>fileEncoding</key>
			<string>4</string>
			<key>isa</key>
			<string>PBXFileReference</string>
			<key>lastKnownFileType</key>
			<string>sourcecode.c.objc</string>
			<key>path</key>
			<string>EXTADT.m</string>
			<key>sourceTree</key>
			<string>&lt;group&gt;</string>
		</dict>
		<key>E1798D331DB237CC00254295</key>
		<dict>
			<key>fileEncoding</key>
			<string>4</string>
			<key>isa</key>
			<string>PBXFileReference</string>
			<key>lastKnownFileType</key>
			<string>sourcecode.c.h</string>
			<key>path</key>
			<string>EXTConcreteProtocol.h</string>
			<key>sourceTree</key>
			<string>&lt;group&gt;</string>
		</dict>
		<key>E1798D341DB237CC00254295</key>
		<dict>
			<key>fileEncoding</key>
			<string>4</string>
			<key>isa</key>
			<string>PBXFileReference</string>
			<key>lastKnownFileType</key>
			<string>sourcecode.c.objc</string>
			<key>path</key>
			<string>EXTConcreteProtocol.m</string>
			<key>sourceTree</key>
			<string>&lt;group&gt;</string>
		</dict>
		<key>E1798D351DB237CC00254295</key>
		<dict>
			<key>fileEncoding</key>
			<string>4</string>
			<key>isa</key>
			<string>PBXFileReference</string>
			<key>lastKnownFileType</key>
			<string>sourcecode.c.h</string>
			<key>path</key>
			<string>EXTKeyPathCoding.h</string>
			<key>sourceTree</key>
			<string>&lt;group&gt;</string>
		</dict>
		<key>E1798D361DB237CC00254295</key>
		<dict>
			<key>fileEncoding</key>
			<string>4</string>
			<key>isa</key>
			<string>PBXFileReference</string>
			<key>lastKnownFileType</key>
			<string>sourcecode.c.h</string>
			<key>path</key>
			<string>EXTNil.h</string>
			<key>sourceTree</key>
			<string>&lt;group&gt;</string>
		</dict>
		<key>E1798D371DB237CC00254295</key>
		<dict>
			<key>fileEncoding</key>
			<string>4</string>
			<key>isa</key>
			<string>PBXFileReference</string>
			<key>lastKnownFileType</key>
			<string>sourcecode.c.objc</string>
			<key>path</key>
			<string>EXTNil.m</string>
			<key>sourceTree</key>
			<string>&lt;group&gt;</string>
		</dict>
		<key>E1798D381DB237CC00254295</key>
		<dict>
			<key>fileEncoding</key>
			<string>4</string>
			<key>isa</key>
			<string>PBXFileReference</string>
			<key>lastKnownFileType</key>
			<string>sourcecode.c.h</string>
			<key>path</key>
			<string>extobjc.h</string>
			<key>sourceTree</key>
			<string>&lt;group&gt;</string>
		</dict>
		<key>E1798D391DB237CC00254295</key>
		<dict>
			<key>fileEncoding</key>
			<string>4</string>
			<key>isa</key>
			<string>PBXFileReference</string>
			<key>lastKnownFileType</key>
			<string>sourcecode.c.h</string>
			<key>path</key>
			<string>EXTRuntimeExtensions.h</string>
			<key>sourceTree</key>
			<string>&lt;group&gt;</string>
		</dict>
		<key>E1798D3A1DB237CC00254295</key>
		<dict>
			<key>fileEncoding</key>
			<string>4</string>
			<key>isa</key>
			<string>PBXFileReference</string>
			<key>lastKnownFileType</key>
			<string>sourcecode.c.objc</string>
			<key>path</key>
			<string>EXTRuntimeExtensions.m</string>
			<key>sourceTree</key>
			<string>&lt;group&gt;</string>
		</dict>
		<key>E1798D3B1DB237CC00254295</key>
		<dict>
			<key>fileEncoding</key>
			<string>4</string>
			<key>isa</key>
			<string>PBXFileReference</string>
			<key>lastKnownFileType</key>
			<string>sourcecode.c.h</string>
			<key>path</key>
			<string>EXTSafeCategory.h</string>
			<key>sourceTree</key>
			<string>&lt;group&gt;</string>
		</dict>
		<key>E1798D3C1DB237CC00254295</key>
		<dict>
			<key>fileEncoding</key>
			<string>4</string>
			<key>isa</key>
			<string>PBXFileReference</string>
			<key>lastKnownFileType</key>
			<string>sourcecode.c.objc</string>
			<key>path</key>
			<string>EXTSafeCategory.m</string>
			<key>sourceTree</key>
			<string>&lt;group&gt;</string>
		</dict>
		<key>E1798D3D1DB237CC00254295</key>
		<dict>
			<key>fileEncoding</key>
			<string>4</string>
			<key>isa</key>
			<string>PBXFileReference</string>
			<key>lastKnownFileType</key>
			<string>sourcecode.c.h</string>
			<key>path</key>
			<string>EXTScope.h</string>
			<key>sourceTree</key>
			<string>&lt;group&gt;</string>
		</dict>
		<key>E1798D3E1DB237CC00254295</key>
		<dict>
			<key>fileEncoding</key>
			<string>4</string>
			<key>isa</key>
			<string>PBXFileReference</string>
			<key>lastKnownFileType</key>
			<string>sourcecode.c.objc</string>
			<key>path</key>
			<string>EXTScope.m</string>
			<key>sourceTree</key>
			<string>&lt;group&gt;</string>
		</dict>
		<key>E1798D3F1DB237CC00254295</key>
		<dict>
			<key>fileEncoding</key>
			<string>4</string>
			<key>isa</key>
			<string>PBXFileReference</string>
			<key>lastKnownFileType</key>
			<string>sourcecode.c.h</string>
			<key>path</key>
			<string>EXTSelectorChecking.h</string>
			<key>sourceTree</key>
			<string>&lt;group&gt;</string>
		</dict>
		<key>E1798D401DB237CC00254295</key>
		<dict>
			<key>fileEncoding</key>
			<string>4</string>
			<key>isa</key>
			<string>PBXFileReference</string>
			<key>lastKnownFileType</key>
			<string>sourcecode.c.objc</string>
			<key>path</key>
			<string>EXTSelectorChecking.m</string>
			<key>sourceTree</key>
			<string>&lt;group&gt;</string>
		</dict>
		<key>E1798D411DB237CC00254295</key>
		<dict>
			<key>fileEncoding</key>
			<string>4</string>
			<key>isa</key>
			<string>PBXFileReference</string>
			<key>lastKnownFileType</key>
			<string>sourcecode.c.h</string>
			<key>path</key>
			<string>EXTSynthesize.h</string>
			<key>sourceTree</key>
			<string>&lt;group&gt;</string>
		</dict>
		<key>E1798D421DB237CC00254295</key>
		<dict>
			<key>fileEncoding</key>
			<string>4</string>
			<key>isa</key>
			<string>PBXFileReference</string>
			<key>lastKnownFileType</key>
			<string>sourcecode.c.h</string>
			<key>path</key>
			<string>metamacros.h</string>
			<key>sourceTree</key>
			<string>&lt;group&gt;</string>
		</dict>
		<key>E1798D431DB237CC00254295</key>
		<dict>
			<key>fileEncoding</key>
			<string>4</string>
			<key>isa</key>
			<string>PBXFileReference</string>
			<key>lastKnownFileType</key>
			<string>sourcecode.c.h</string>
			<key>path</key>
			<string>NSInvocation+EXT.h</string>
			<key>sourceTree</key>
			<string>&lt;group&gt;</string>
		</dict>
		<key>E1798D441DB237CC00254295</key>
		<dict>
			<key>fileEncoding</key>
			<string>4</string>
			<key>isa</key>
			<string>PBXFileReference</string>
			<key>lastKnownFileType</key>
			<string>sourcecode.c.objc</string>
			<key>path</key>
			<string>NSInvocation+EXT.m</string>
			<key>sourceTree</key>
			<string>&lt;group&gt;</string>
		</dict>
		<key>E1798D451DB237CC00254295</key>
		<dict>
			<key>fileEncoding</key>
			<string>4</string>
			<key>isa</key>
			<string>PBXFileReference</string>
			<key>lastKnownFileType</key>
			<string>sourcecode.c.h</string>
			<key>path</key>
			<string>NSMethodSignature+EXT.h</string>
			<key>sourceTree</key>
			<string>&lt;group&gt;</string>
		</dict>
		<key>E1798D461DB237CC00254295</key>
		<dict>
			<key>fileEncoding</key>
			<string>4</string>
			<key>isa</key>
			<string>PBXFileReference</string>
			<key>lastKnownFileType</key>
			<string>sourcecode.c.objc</string>
			<key>path</key>
			<string>NSMethodSignature+EXT.m</string>
			<key>sourceTree</key>
			<string>&lt;group&gt;</string>
		</dict>
		<key>E1798D471DB237CC00254295</key>
		<dict>
			<key>fileEncoding</key>
			<string>4</string>
			<key>isa</key>
			<string>PBXFileReference</string>
			<key>lastKnownFileType</key>
			<string>net.daringfireball.markdown</string>
			<key>path</key>
			<string>LICENSE.md</string>
			<key>sourceTree</key>
			<string>&lt;group&gt;</string>
		</dict>
		<key>E1798D481DB237CC00254295</key>
		<dict>
			<key>fileEncoding</key>
			<string>4</string>
			<key>isa</key>
			<string>PBXFileReference</string>
			<key>lastKnownFileType</key>
			<string>net.daringfireball.markdown</string>
			<key>path</key>
			<string>README.md</string>
			<key>sourceTree</key>
			<string>&lt;group&gt;</string>
		</dict>
		<key>E1798D491DB237CC00254295</key>
		<dict>
			<key>fileEncoding</key>
			<string>4</string>
			<key>isa</key>
			<string>PBXFileReference</string>
			<key>lastKnownFileType</key>
			<string>sourcecode.c.h</string>
			<key>path</key>
			<string>Minya.h</string>
			<key>sourceTree</key>
			<string>&lt;group&gt;</string>
		</dict>
		<key>E1798D4A1DB237CC00254295</key>
		<dict>
			<key>children</key>
			<array>
				<string>E1798D4B1DB237CC00254295</string>
				<string>E1798D4C1DB237CC00254295</string>
			</array>
			<key>isa</key>
			<string>PBXGroup</string>
			<key>path</key>
			<string>Module</string>
			<key>sourceTree</key>
			<string>&lt;group&gt;</string>
		</dict>
		<key>E1798D4B1DB237CC00254295</key>
		<dict>
			<key>fileEncoding</key>
			<string>4</string>
			<key>isa</key>
			<string>PBXFileReference</string>
			<key>lastKnownFileType</key>
			<string>sourcecode.c.h</string>
			<key>path</key>
			<string>MIMediator.h</string>
			<key>sourceTree</key>
			<string>&lt;group&gt;</string>
		</dict>
		<key>E1798D4C1DB237CC00254295</key>
		<dict>
			<key>fileEncoding</key>
			<string>4</string>
			<key>isa</key>
			<string>PBXFileReference</string>
			<key>lastKnownFileType</key>
			<string>sourcecode.c.objc</string>
			<key>path</key>
			<string>MIMediator.m</string>
			<key>sourceTree</key>
			<string>&lt;group&gt;</string>
		</dict>
		<key>E1798D4D1DB237CC00254295</key>
		<dict>
			<key>children</key>
			<array>
				<string>E1798D4E1DB237CC00254295</string>
				<string>E1798D4F1DB237CC00254295</string>
				<string>E1798D501DB237CC00254295</string>
				<string>E1798D511DB237CC00254295</string>
				<string>E1798D521DB237CC00254295</string>
				<string>E1798D531DB237CC00254295</string>
				<string>E1798D541DB237CC00254295</string>
				<string>E1798D551DB237CC00254295</string>
				<string>E1798D561DB237CC00254295</string>
				<string>E1798D571DB237CC00254295</string>
				<string>E1798D581DB237CC00254295</string>
				<string>E1798D591DB237CC00254295</string>
				<string>E1798D5A1DB237CC00254295</string>
				<string>E1798D5B1DB237CC00254295</string>
			</array>
			<key>isa</key>
			<string>PBXGroup</string>
			<key>path</key>
			<string>MVCS</string>
			<key>sourceTree</key>
			<string>&lt;group&gt;</string>
		</dict>
		<key>E1798D4E1DB237CC00254295</key>
		<dict>
			<key>fileEncoding</key>
			<string>4</string>
			<key>isa</key>
			<string>PBXFileReference</string>
			<key>lastKnownFileType</key>
			<string>sourcecode.c.h</string>
			<key>path</key>
			<string>MIPipeline.h</string>
			<key>sourceTree</key>
			<string>&lt;group&gt;</string>
		</dict>
		<key>E1798D4F1DB237CC00254295</key>
		<dict>
			<key>fileEncoding</key>
			<string>4</string>
			<key>isa</key>
			<string>PBXFileReference</string>
			<key>lastKnownFileType</key>
			<string>sourcecode.c.objc</string>
			<key>path</key>
			<string>MIPipeline.m</string>
			<key>sourceTree</key>
			<string>&lt;group&gt;</string>
		</dict>
		<key>E1798D501DB237CC00254295</key>
		<dict>
			<key>fileEncoding</key>
			<string>4</string>
			<key>isa</key>
			<string>PBXFileReference</string>
			<key>lastKnownFileType</key>
			<string>sourcecode.c.h</string>
			<key>path</key>
			<string>MIScene.h</string>
			<key>sourceTree</key>
			<string>&lt;group&gt;</string>
		</dict>
		<key>E1798D511DB237CC00254295</key>
		<dict>
			<key>fileEncoding</key>
			<string>4</string>
			<key>isa</key>
			<string>PBXFileReference</string>
			<key>lastKnownFileType</key>
			<string>sourcecode.c.objc</string>
			<key>path</key>
			<string>MIScene.m</string>
			<key>sourceTree</key>
			<string>&lt;group&gt;</string>
		</dict>
		<key>E1798D521DB237CC00254295</key>
		<dict>
			<key>fileEncoding</key>
			<string>4</string>
			<key>isa</key>
			<string>PBXFileReference</string>
			<key>lastKnownFileType</key>
			<string>sourcecode.c.h</string>
			<key>path</key>
			<string>MIService.h</string>
			<key>sourceTree</key>
			<string>&lt;group&gt;</string>
		</dict>
		<key>E1798D531DB237CC00254295</key>
		<dict>
			<key>fileEncoding</key>
			<string>4</string>
			<key>isa</key>
			<string>PBXFileReference</string>
			<key>lastKnownFileType</key>
			<string>sourcecode.c.objc</string>
			<key>path</key>
			<string>MIService.m</string>
			<key>sourceTree</key>
			<string>&lt;group&gt;</string>
		</dict>
		<key>E1798D541DB237CC00254295</key>
		<dict>
			<key>fileEncoding</key>
			<string>4</string>
			<key>isa</key>
			<string>PBXFileReference</string>
			<key>lastKnownFileType</key>
			<string>sourcecode.c.h</string>
			<key>path</key>
			<string>MIStorage.h</string>
			<key>sourceTree</key>
			<string>&lt;group&gt;</string>
		</dict>
		<key>E1798D551DB237CC00254295</key>
		<dict>
			<key>fileEncoding</key>
			<string>4</string>
			<key>isa</key>
			<string>PBXFileReference</string>
			<key>lastKnownFileType</key>
			<string>sourcecode.c.objc</string>
			<key>path</key>
			<string>MIStorage.m</string>
			<key>sourceTree</key>
			<string>&lt;group&gt;</string>
		</dict>
		<key>E1798D561DB237CC00254295</key>
		<dict>
			<key>fileEncoding</key>
			<string>4</string>
			<key>isa</key>
			<string>PBXFileReference</string>
			<key>lastKnownFileType</key>
			<string>sourcecode.c.h</string>
			<key>path</key>
			<string>MIStore.h</string>
			<key>sourceTree</key>
			<string>&lt;group&gt;</string>
		</dict>
		<key>E1798D571DB237CC00254295</key>
		<dict>
			<key>fileEncoding</key>
			<string>4</string>
			<key>isa</key>
			<string>PBXFileReference</string>
			<key>lastKnownFileType</key>
			<string>sourcecode.c.objc</string>
			<key>path</key>
			<string>MIStore.m</string>
			<key>sourceTree</key>
			<string>&lt;group&gt;</string>
		</dict>
		<key>E1798D581DB237CC00254295</key>
		<dict>
			<key>fileEncoding</key>
			<string>4</string>
			<key>isa</key>
			<string>PBXFileReference</string>
			<key>lastKnownFileType</key>
			<string>sourcecode.c.h</string>
			<key>path</key>
			<string>MIViewController.h</string>
			<key>sourceTree</key>
			<string>&lt;group&gt;</string>
		</dict>
		<key>E1798D591DB237CC00254295</key>
		<dict>
			<key>fileEncoding</key>
			<string>4</string>
			<key>isa</key>
			<string>PBXFileReference</string>
			<key>lastKnownFileType</key>
			<string>sourcecode.c.objc</string>
			<key>path</key>
			<string>MIViewController.m</string>
			<key>sourceTree</key>
			<string>&lt;group&gt;</string>
		</dict>
		<key>E1798D5A1DB237CC00254295</key>
		<dict>
			<key>fileEncoding</key>
			<string>4</string>
			<key>isa</key>
			<string>PBXFileReference</string>
			<key>lastKnownFileType</key>
			<string>sourcecode.c.h</string>
			<key>path</key>
			<string>UIView+MIPipeline.h</string>
			<key>sourceTree</key>
			<string>&lt;group&gt;</string>
		</dict>
		<key>E1798D5B1DB237CC00254295</key>
		<dict>
			<key>fileEncoding</key>
			<string>4</string>
			<key>isa</key>
			<string>PBXFileReference</string>
			<key>lastKnownFileType</key>
			<string>sourcecode.c.objc</string>
			<key>path</key>
			<string>UIView+MIPipeline.m</string>
			<key>sourceTree</key>
			<string>&lt;group&gt;</string>
		</dict>
		<key>E1798D5C1DB237CC00254295</key>
		<dict>
			<key>fileRef</key>
			<string>E1798D291DB237CC00254295</string>
			<key>isa</key>
			<string>PBXBuildFile</string>
		</dict>
		<key>E1798D5D1DB237CC00254295</key>
		<dict>
			<key>fileRef</key>
			<string>E1798D2B1DB237CC00254295</string>
			<key>isa</key>
			<string>PBXBuildFile</string>
		</dict>
		<key>E1798D5E1DB237CC00254295</key>
		<dict>
			<key>fileRef</key>
			<string>E1798D2D1DB237CC00254295</string>
			<key>isa</key>
			<string>PBXBuildFile</string>
		</dict>
		<key>E1798D5F1DB237CC00254295</key>
		<dict>
			<key>fileRef</key>
			<string>E1798D321DB237CC00254295</string>
			<key>isa</key>
			<string>PBXBuildFile</string>
		</dict>
		<key>E1798D601DB237CC00254295</key>
		<dict>
			<key>fileRef</key>
			<string>E1798D341DB237CC00254295</string>
			<key>isa</key>
			<string>PBXBuildFile</string>
		</dict>
		<key>E1798D611DB237CC00254295</key>
		<dict>
			<key>fileRef</key>
			<string>E1798D371DB237CC00254295</string>
			<key>isa</key>
			<string>PBXBuildFile</string>
		</dict>
		<key>E1798D621DB237CC00254295</key>
		<dict>
			<key>fileRef</key>
			<string>E1798D3A1DB237CC00254295</string>
			<key>isa</key>
			<string>PBXBuildFile</string>
		</dict>
		<key>E1798D631DB237CC00254295</key>
		<dict>
			<key>fileRef</key>
			<string>E1798D3C1DB237CC00254295</string>
			<key>isa</key>
			<string>PBXBuildFile</string>
		</dict>
		<key>E1798D641DB237CC00254295</key>
		<dict>
			<key>fileRef</key>
			<string>E1798D3E1DB237CC00254295</string>
			<key>isa</key>
			<string>PBXBuildFile</string>
		</dict>
		<key>E1798D651DB237CC00254295</key>
		<dict>
			<key>fileRef</key>
			<string>E1798D401DB237CC00254295</string>
			<key>isa</key>
			<string>PBXBuildFile</string>
		</dict>
		<key>E1798D661DB237CC00254295</key>
		<dict>
			<key>fileRef</key>
			<string>E1798D441DB237CC00254295</string>
			<key>isa</key>
			<string>PBXBuildFile</string>
		</dict>
		<key>E1798D671DB237CC00254295</key>
		<dict>
			<key>fileRef</key>
			<string>E1798D461DB237CC00254295</string>
			<key>isa</key>
			<string>PBXBuildFile</string>
		</dict>
		<key>E1798D6A1DB237CC00254295</key>
		<dict>
			<key>fileRef</key>
			<string>E1798D4C1DB237CC00254295</string>
			<key>isa</key>
			<string>PBXBuildFile</string>
		</dict>
		<key>E1798D6B1DB237CC00254295</key>
		<dict>
			<key>fileRef</key>
			<string>E1798D4F1DB237CC00254295</string>
			<key>isa</key>
			<string>PBXBuildFile</string>
		</dict>
		<key>E1798D6C1DB237CC00254295</key>
		<dict>
			<key>fileRef</key>
			<string>E1798D511DB237CC00254295</string>
			<key>isa</key>
			<string>PBXBuildFile</string>
		</dict>
		<key>E1798D6D1DB237CC00254295</key>
		<dict>
			<key>fileRef</key>
			<string>E1798D531DB237CC00254295</string>
			<key>isa</key>
			<string>PBXBuildFile</string>
		</dict>
		<key>E1798D6E1DB237CC00254295</key>
		<dict>
			<key>fileRef</key>
			<string>E1798D551DB237CC00254295</string>
			<key>isa</key>
			<string>PBXBuildFile</string>
		</dict>
		<key>E1798D6F1DB237CC00254295</key>
		<dict>
			<key>fileRef</key>
			<string>E1798D571DB237CC00254295</string>
			<key>isa</key>
			<string>PBXBuildFile</string>
		</dict>
		<key>E1798D701DB237CC00254295</key>
		<dict>
			<key>fileRef</key>
			<string>E1798D591DB237CC00254295</string>
			<key>isa</key>
			<string>PBXBuildFile</string>
		</dict>
		<key>E1798D711DB237CC00254295</key>
		<dict>
			<key>fileRef</key>
			<string>E1798D5B1DB237CC00254295</string>
			<key>isa</key>
			<string>PBXBuildFile</string>
		</dict>
		<key>E1798D721DB2391B00254295</key>
		<dict>
			<key>buildActionMask</key>
			<string>2147483647</string>
			<key>files</key>
			<array>
				<string>E1798D811DB36BA100254295</string>
				<string>E1798D791DB2391B00254295</string>
			</array>
			<key>isa</key>
			<string>PBXSourcesBuildPhase</string>
			<key>runOnlyForDeploymentPostprocessing</key>
			<string>0</string>
		</dict>
		<key>E1798D731DB2391B00254295</key>
		<dict>
			<key>buildActionMask</key>
			<string>2147483647</string>
			<key>files</key>
			<array/>
			<key>isa</key>
			<string>PBXFrameworksBuildPhase</string>
			<key>runOnlyForDeploymentPostprocessing</key>
			<string>0</string>
		</dict>
		<key>E1798D741DB2391B00254295</key>
		<dict>
			<key>buildActionMask</key>
			<string>2147483647</string>
			<key>files</key>
			<array/>
			<key>isa</key>
			<string>PBXResourcesBuildPhase</string>
			<key>runOnlyForDeploymentPostprocessing</key>
			<string>0</string>
		</dict>
		<key>E1798D751DB2391B00254295</key>
		<dict>
			<key>buildConfigurationList</key>
			<string>E1798D7D1DB2391B00254295</string>
			<key>buildPhases</key>
			<array>
				<string>E1798D721DB2391B00254295</string>
				<string>E1798D731DB2391B00254295</string>
				<string>E1798D741DB2391B00254295</string>
			</array>
			<key>buildRules</key>
			<array/>
			<key>dependencies</key>
			<array>
				<string>E1798D7C1DB2391B00254295</string>
			</array>
			<key>isa</key>
			<string>PBXNativeTarget</string>
			<key>name</key>
			<string>MinyaDemoTests</string>
			<key>productName</key>
			<string>MinyaDemoTests</string>
			<key>productReference</key>
			<string>E1798D761DB2391B00254295</string>
			<key>productType</key>
			<string>com.apple.product-type.bundle.unit-test</string>
		</dict>
		<key>E1798D761DB2391B00254295</key>
		<dict>
			<key>explicitFileType</key>
			<string>wrapper.cfbundle</string>
			<key>includeInIndex</key>
			<string>0</string>
			<key>isa</key>
			<string>PBXFileReference</string>
			<key>path</key>
			<string>MinyaDemoTests.xctest</string>
			<key>sourceTree</key>
			<string>BUILT_PRODUCTS_DIR</string>
		</dict>
		<key>E1798D771DB2391B00254295</key>
		<dict>
			<key>children</key>
			<array>
				<string>E1798D781DB2391B00254295</string>
				<string>E1798D7A1DB2391B00254295</string>
				<string>E1798D801DB36BA100254295</string>
			</array>
			<key>isa</key>
			<string>PBXGroup</string>
			<key>path</key>
			<string>MinyaDemoTests</string>
			<key>sourceTree</key>
			<string>&lt;group&gt;</string>
		</dict>
		<key>E1798D781DB2391B00254295</key>
		<dict>
			<key>isa</key>
			<string>PBXFileReference</string>
			<key>lastKnownFileType</key>
			<string>sourcecode.c.objc</string>
			<key>path</key>
			<string>MinyaDemoTests.m</string>
			<key>sourceTree</key>
			<string>&lt;group&gt;</string>
		</dict>
		<key>E1798D791DB2391B00254295</key>
		<dict>
			<key>fileRef</key>
			<string>E1798D781DB2391B00254295</string>
			<key>isa</key>
			<string>PBXBuildFile</string>
		</dict>
		<key>E1798D7A1DB2391B00254295</key>
		<dict>
			<key>isa</key>
			<string>PBXFileReference</string>
			<key>lastKnownFileType</key>
			<string>text.plist.xml</string>
			<key>path</key>
			<string>Info.plist</string>
			<key>sourceTree</key>
			<string>&lt;group&gt;</string>
		</dict>
		<key>E1798D7B1DB2391B00254295</key>
		<dict>
			<key>containerPortal</key>
			<string>E13555A61D9A714C001F8FA8</string>
			<key>isa</key>
			<string>PBXContainerItemProxy</string>
			<key>proxyType</key>
			<string>1</string>
			<key>remoteGlobalIDString</key>
			<string>E13555AD1D9A714C001F8FA8</string>
			<key>remoteInfo</key>
			<string>MinyaDemo</string>
		</dict>
		<key>E1798D7C1DB2391B00254295</key>
		<dict>
			<key>isa</key>
			<string>PBXTargetDependency</string>
			<key>target</key>
			<string>E13555AD1D9A714C001F8FA8</string>
			<key>targetProxy</key>
			<string>E1798D7B1DB2391B00254295</string>
		</dict>
		<key>E1798D7D1DB2391B00254295</key>
		<dict>
			<key>buildConfigurations</key>
			<array>
				<string>E1798D7E1DB2391B00254295</string>
				<string>E1798D7F1DB2391B00254295</string>
			</array>
			<key>defaultConfigurationIsVisible</key>
			<string>0</string>
			<key>defaultConfigurationName</key>
			<string>Release</string>
			<key>isa</key>
			<string>XCConfigurationList</string>
		</dict>
		<key>E1798D7E1DB2391B00254295</key>
		<dict>
			<key>buildSettings</key>
			<dict>
				<key>BUNDLE_LOADER</key>
				<string>$(TEST_HOST)</string>
				<key>DEVELOPMENT_TEAM</key>
				<string></string>
				<key>INFOPLIST_FILE</key>
				<string>MinyaDemoTests/Info.plist</string>
				<key>IPHONEOS_DEPLOYMENT_TARGET</key>
				<string>8.0</string>
				<key>LD_RUNPATH_SEARCH_PATHS</key>
				<string>$(inherited) @executable_path/Frameworks @loader_path/Frameworks</string>
				<key>PRODUCT_BUNDLE_IDENTIFIER</key>
				<string>com.xmu.MinyaDemoTests</string>
				<key>PRODUCT_NAME</key>
				<string>$(TARGET_NAME)</string>
				<key>TEST_HOST</key>
				<string>$(BUILT_PRODUCTS_DIR)/MinyaDemo.app/MinyaDemo</string>
			</dict>
			<key>isa</key>
			<string>XCBuildConfiguration</string>
			<key>name</key>
			<string>Debug</string>
		</dict>
		<key>E1798D7F1DB2391B00254295</key>
		<dict>
			<key>buildSettings</key>
			<dict>
				<key>BUNDLE_LOADER</key>
				<string>$(TEST_HOST)</string>
				<key>DEVELOPMENT_TEAM</key>
				<string></string>
				<key>INFOPLIST_FILE</key>
				<string>MinyaDemoTests/Info.plist</string>
				<key>IPHONEOS_DEPLOYMENT_TARGET</key>
				<string>8.0</string>
				<key>LD_RUNPATH_SEARCH_PATHS</key>
				<string>$(inherited) @executable_path/Frameworks @loader_path/Frameworks</string>
				<key>PRODUCT_BUNDLE_IDENTIFIER</key>
				<string>com.xmu.MinyaDemoTests</string>
				<key>PRODUCT_NAME</key>
				<string>$(TARGET_NAME)</string>
				<key>TEST_HOST</key>
				<string>$(BUILT_PRODUCTS_DIR)/MinyaDemo.app/MinyaDemo</string>
			</dict>
			<key>isa</key>
			<string>XCBuildConfiguration</string>
			<key>name</key>
			<string>Release</string>
		</dict>
		<key>E1798D801DB36BA100254295</key>
		<dict>
			<key>fileEncoding</key>
			<string>4</string>
			<key>isa</key>
			<string>PBXFileReference</string>
			<key>lastKnownFileType</key>
			<string>sourcecode.c.objc</string>
			<key>path</key>
			<string>MIMediatorTest.m</string>
			<key>sourceTree</key>
			<string>&lt;group&gt;</string>
		</dict>
		<key>E1798D811DB36BA100254295</key>
		<dict>
			<key>fileRef</key>
			<string>E1798D801DB36BA100254295</string>
			<key>isa</key>
			<string>PBXBuildFile</string>
		</dict>
		<key>E1C3D7F11DAF73CC00044718</key>
		<dict>
			<key>children</key>
			<array>
				<string>E1C3D7F21DAF73FB00044718</string>
				<string>E1C3D7F31DAF73FB00044718</string>
				<string>E1C3D7F51DAF741B00044718</string>
				<string>E1C3D7F61DAF741B00044718</string>
				<string>E1C3D7F81DAF742E00044718</string>
				<string>E1C3D7F91DAF742E00044718</string>
				<string>E1C3D7FB1DAF759C00044718</string>
				<string>E1C3D7FC1DAF759C00044718</string>
			</array>
			<key>isa</key>
			<string>PBXGroup</string>
			<key>name</key>
			<string>Search</string>
			<key>sourceTree</key>
			<string>&lt;group&gt;</string>
		</dict>
		<key>E1C3D7F21DAF73FB00044718</key>
		<dict>
			<key>fileEncoding</key>
			<string>4</string>
			<key>isa</key>
			<string>PBXFileReference</string>
			<key>lastKnownFileType</key>
			<string>sourcecode.c.h</string>
			<key>path</key>
			<string>SearchViewController.h</string>
			<key>sourceTree</key>
			<string>&lt;group&gt;</string>
		</dict>
		<key>E1C3D7F31DAF73FB00044718</key>
		<dict>
			<key>fileEncoding</key>
			<string>4</string>
			<key>isa</key>
			<string>PBXFileReference</string>
			<key>lastKnownFileType</key>
			<string>sourcecode.c.objc</string>
			<key>path</key>
			<string>SearchViewController.m</string>
			<key>sourceTree</key>
			<string>&lt;group&gt;</string>
		</dict>
		<key>E1C3D7F41DAF73FB00044718</key>
		<dict>
			<key>fileRef</key>
			<string>E1C3D7F31DAF73FB00044718</string>
			<key>isa</key>
			<string>PBXBuildFile</string>
		</dict>
		<key>E1C3D7F51DAF741B00044718</key>
		<dict>
			<key>fileEncoding</key>
			<string>4</string>
			<key>isa</key>
			<string>PBXFileReference</string>
			<key>lastKnownFileType</key>
			<string>sourcecode.c.h</string>
			<key>path</key>
			<string>SearchStore.h</string>
			<key>sourceTree</key>
			<string>&lt;group&gt;</string>
		</dict>
		<key>E1C3D7F61DAF741B00044718</key>
		<dict>
			<key>fileEncoding</key>
			<string>4</string>
			<key>isa</key>
			<string>PBXFileReference</string>
			<key>lastKnownFileType</key>
			<string>sourcecode.c.objc</string>
			<key>path</key>
			<string>SearchStore.m</string>
			<key>sourceTree</key>
			<string>&lt;group&gt;</string>
		</dict>
		<key>E1C3D7F71DAF741B00044718</key>
		<dict>
			<key>fileRef</key>
			<string>E1C3D7F61DAF741B00044718</string>
			<key>isa</key>
			<string>PBXBuildFile</string>
		</dict>
		<key>E1C3D7F81DAF742E00044718</key>
		<dict>
			<key>fileEncoding</key>
			<string>4</string>
			<key>isa</key>
			<string>PBXFileReference</string>
			<key>lastKnownFileType</key>
			<string>sourcecode.c.h</string>
			<key>path</key>
			<string>SearchView.h</string>
			<key>sourceTree</key>
			<string>&lt;group&gt;</string>
		</dict>
		<key>E1C3D7F91DAF742E00044718</key>
		<dict>
			<key>fileEncoding</key>
			<string>4</string>
			<key>isa</key>
			<string>PBXFileReference</string>
			<key>lastKnownFileType</key>
			<string>sourcecode.c.objc</string>
			<key>path</key>
			<string>SearchView.m</string>
			<key>sourceTree</key>
			<string>&lt;group&gt;</string>
		</dict>
		<key>E1C3D7FA1DAF742E00044718</key>
		<dict>
			<key>fileRef</key>
			<string>E1C3D7F91DAF742E00044718</string>
			<key>isa</key>
			<string>PBXBuildFile</string>
		</dict>
		<key>E1C3D7FB1DAF759C00044718</key>
		<dict>
			<key>fileEncoding</key>
			<string>4</string>
			<key>isa</key>
			<string>PBXFileReference</string>
			<key>lastKnownFileType</key>
			<string>sourcecode.c.h</string>
			<key>path</key>
			<string>SearchPipeline.h</string>
			<key>sourceTree</key>
			<string>&lt;group&gt;</string>
		</dict>
		<key>E1C3D7FC1DAF759C00044718</key>
		<dict>
			<key>fileEncoding</key>
			<string>4</string>
			<key>isa</key>
			<string>PBXFileReference</string>
			<key>lastKnownFileType</key>
			<string>sourcecode.c.objc</string>
			<key>path</key>
			<string>SearchPipeline.m</string>
			<key>sourceTree</key>
			<string>&lt;group&gt;</string>
		</dict>
		<key>E1C3D7FD1DAF759C00044718</key>
		<dict>
			<key>fileRef</key>
			<string>E1C3D7FC1DAF759C00044718</string>
			<key>isa</key>
			<string>PBXBuildFile</string>
		</dict>
		<key>E1C3D7FF1DAF812F00044718</key>
		<dict>
			<key>children</key>
			<array>
				<string>E1C3D8001DAF814A00044718</string>
				<string>E1C3D8011DAF814A00044718</string>
				<string>E1C3D8031DAF815D00044718</string>
				<string>E1C3D8041DAF815D00044718</string>
				<string>E1C3D8061DAF818300044718</string>
				<string>E1C3D8071DAF818300044718</string>
				<string>E1C3D8091DAF81AC00044718</string>
				<string>E1C3D80A1DAF81AC00044718</string>
				<string>E1C3D80C1DAF860600044718</string>
				<string>E1C3D80D1DAF860600044718</string>
			</array>
			<key>isa</key>
			<string>PBXGroup</string>
			<key>name</key>
			<string>PhotoList</string>
			<key>sourceTree</key>
			<string>&lt;group&gt;</string>
		</dict>
		<key>E1C3D8001DAF814A00044718</key>
		<dict>
			<key>fileEncoding</key>
			<string>4</string>
			<key>isa</key>
			<string>PBXFileReference</string>
			<key>lastKnownFileType</key>
			<string>sourcecode.c.h</string>
			<key>path</key>
			<string>PhotoListViewController.h</string>
			<key>sourceTree</key>
			<string>&lt;group&gt;</string>
		</dict>
		<key>E1C3D8011DAF814A00044718</key>
		<dict>
			<key>fileEncoding</key>
			<string>4</string>
			<key>isa</key>
			<string>PBXFileReference</string>
			<key>lastKnownFileType</key>
			<string>sourcecode.c.objc</string>
			<key>path</key>
			<string>PhotoListViewController.m</string>
			<key>sourceTree</key>
			<string>&lt;group&gt;</string>
		</dict>
		<key>E1C3D8021DAF814A00044718</key>
		<dict>
			<key>fileRef</key>
			<string>E1C3D8011DAF814A00044718</string>
			<key>isa</key>
			<string>PBXBuildFile</string>
		</dict>
		<key>E1C3D8031DAF815D00044718</key>
		<dict>
			<key>fileEncoding</key>
			<string>4</string>
			<key>isa</key>
			<string>PBXFileReference</string>
			<key>lastKnownFileType</key>
			<string>sourcecode.c.h</string>
			<key>path</key>
			<string>PhotoListView.h</string>
			<key>sourceTree</key>
			<string>&lt;group&gt;</string>
		</dict>
		<key>E1C3D8041DAF815D00044718</key>
		<dict>
			<key>fileEncoding</key>
			<string>4</string>
			<key>isa</key>
			<string>PBXFileReference</string>
			<key>lastKnownFileType</key>
			<string>sourcecode.c.objc</string>
			<key>path</key>
			<string>PhotoListView.m</string>
			<key>sourceTree</key>
			<string>&lt;group&gt;</string>
		</dict>
		<key>E1C3D8051DAF815D00044718</key>
		<dict>
			<key>fileRef</key>
			<string>E1C3D8041DAF815D00044718</string>
			<key>isa</key>
			<string>PBXBuildFile</string>
		</dict>
		<key>E1C3D8061DAF818300044718</key>
		<dict>
			<key>fileEncoding</key>
			<string>4</string>
			<key>isa</key>
			<string>PBXFileReference</string>
			<key>lastKnownFileType</key>
			<string>sourcecode.c.h</string>
			<key>path</key>
			<string>PhotoListStore.h</string>
			<key>sourceTree</key>
			<string>&lt;group&gt;</string>
		</dict>
		<key>E1C3D8071DAF818300044718</key>
		<dict>
			<key>fileEncoding</key>
			<string>4</string>
			<key>isa</key>
			<string>PBXFileReference</string>
			<key>lastKnownFileType</key>
			<string>sourcecode.c.objc</string>
			<key>path</key>
			<string>PhotoListStore.m</string>
			<key>sourceTree</key>
			<string>&lt;group&gt;</string>
		</dict>
		<key>E1C3D8081DAF818300044718</key>
		<dict>
			<key>fileRef</key>
			<string>E1C3D8071DAF818300044718</string>
			<key>isa</key>
			<string>PBXBuildFile</string>
		</dict>
		<key>E1C3D8091DAF81AC00044718</key>
		<dict>
			<key>fileEncoding</key>
			<string>4</string>
			<key>isa</key>
			<string>PBXFileReference</string>
			<key>lastKnownFileType</key>
			<string>sourcecode.c.h</string>
			<key>path</key>
			<string>PhotoListPipeline.h</string>
			<key>sourceTree</key>
			<string>&lt;group&gt;</string>
		</dict>
		<key>E1C3D80A1DAF81AC00044718</key>
		<dict>
			<key>fileEncoding</key>
			<string>4</string>
			<key>isa</key>
			<string>PBXFileReference</string>
			<key>lastKnownFileType</key>
			<string>sourcecode.c.objc</string>
			<key>path</key>
			<string>PhotoListPipeline.m</string>
			<key>sourceTree</key>
			<string>&lt;group&gt;</string>
		</dict>
		<key>E1C3D80B1DAF81AC00044718</key>
		<dict>
			<key>fileRef</key>
			<string>E1C3D80A1DAF81AC00044718</string>
			<key>isa</key>
			<string>PBXBuildFile</string>
		</dict>
		<key>E1C3D80C1DAF860600044718</key>
		<dict>
			<key>fileEncoding</key>
			<string>4</string>
			<key>isa</key>
			<string>PBXFileReference</string>
			<key>lastKnownFileType</key>
			<string>sourcecode.c.h</string>
			<key>path</key>
			<string>SearchPhotosService.h</string>
			<key>sourceTree</key>
			<string>&lt;group&gt;</string>
		</dict>
		<key>E1C3D80D1DAF860600044718</key>
		<dict>
			<key>fileEncoding</key>
			<string>4</string>
			<key>isa</key>
			<string>PBXFileReference</string>
			<key>lastKnownFileType</key>
			<string>sourcecode.c.objc</string>
			<key>path</key>
			<string>SearchPhotosService.m</string>
			<key>sourceTree</key>
			<string>&lt;group&gt;</string>
		</dict>
		<key>E1C3D80E1DAF860600044718</key>
		<dict>
			<key>fileRef</key>
			<string>E1C3D80D1DAF860600044718</string>
			<key>isa</key>
			<string>PBXBuildFile</string>
		</dict>
		<key>E1C3D80F1DAF897B00044718</key>
		<dict>
			<key>children</key>
			<array>
				<string>E1C3D8101DAF8AE400044718</string>
				<string>E1C3D8111DAF8AE400044718</string>
				<string>E1C3D8131DAF8AF400044718</string>
				<string>E1C3D8141DAF8AF400044718</string>
				<string>E1C3D8161DAF8B0500044718</string>
				<string>E1C3D8171DAF8B0500044718</string>
				<string>E1C3D8191DAF8B3A00044718</string>
				<string>E1C3D81A1DAF8B3A00044718</string>
				<string>E119D5811DAFCF9100D2C551</string>
				<string>E119D5821DAFCF9100D2C551</string>
				<string>E119D5841DB0646D00D2C551</string>
				<string>E119D5851DB0646D00D2C551</string>
				<string>E119D5871DB076C600D2C551</string>
				<string>E119D5881DB076C600D2C551</string>
			</array>
			<key>isa</key>
			<string>PBXGroup</string>
			<key>name</key>
			<string>PhotoDetail</string>
			<key>sourceTree</key>
			<string>&lt;group&gt;</string>
		</dict>
		<key>E1C3D8101DAF8AE400044718</key>
		<dict>
			<key>fileEncoding</key>
			<string>4</string>
			<key>isa</key>
			<string>PBXFileReference</string>
			<key>lastKnownFileType</key>
			<string>sourcecode.c.h</string>
			<key>path</key>
			<string>PhotoDetailViewController.h</string>
			<key>sourceTree</key>
			<string>&lt;group&gt;</string>
		</dict>
		<key>E1C3D8111DAF8AE400044718</key>
		<dict>
			<key>fileEncoding</key>
			<string>4</string>
			<key>isa</key>
			<string>PBXFileReference</string>
			<key>lastKnownFileType</key>
			<string>sourcecode.c.objc</string>
			<key>path</key>
			<string>PhotoDetailViewController.m</string>
			<key>sourceTree</key>
			<string>&lt;group&gt;</string>
		</dict>
		<key>E1C3D8121DAF8AE400044718</key>
		<dict>
			<key>fileRef</key>
			<string>E1C3D8111DAF8AE400044718</string>
			<key>isa</key>
			<string>PBXBuildFile</string>
		</dict>
		<key>E1C3D8131DAF8AF400044718</key>
		<dict>
			<key>fileEncoding</key>
			<string>4</string>
			<key>isa</key>
			<string>PBXFileReference</string>
			<key>lastKnownFileType</key>
			<string>sourcecode.c.h</string>
			<key>path</key>
			<string>PhotoDetailView.h</string>
			<key>sourceTree</key>
			<string>&lt;group&gt;</string>
		</dict>
		<key>E1C3D8141DAF8AF400044718</key>
		<dict>
			<key>fileEncoding</key>
			<string>4</string>
			<key>isa</key>
			<string>PBXFileReference</string>
			<key>lastKnownFileType</key>
			<string>sourcecode.c.objc</string>
			<key>path</key>
			<string>PhotoDetailView.m</string>
			<key>sourceTree</key>
			<string>&lt;group&gt;</string>
		</dict>
		<key>E1C3D8151DAF8AF400044718</key>
		<dict>
			<key>fileRef</key>
			<string>E1C3D8141DAF8AF400044718</string>
			<key>isa</key>
			<string>PBXBuildFile</string>
		</dict>
		<key>E1C3D8161DAF8B0500044718</key>
		<dict>
			<key>fileEncoding</key>
			<string>4</string>
			<key>isa</key>
			<string>PBXFileReference</string>
			<key>lastKnownFileType</key>
			<string>sourcecode.c.h</string>
			<key>path</key>
			<string>PhotoDetailStore.h</string>
			<key>sourceTree</key>
			<string>&lt;group&gt;</string>
		</dict>
		<key>E1C3D8171DAF8B0500044718</key>
		<dict>
			<key>fileEncoding</key>
			<string>4</string>
			<key>isa</key>
			<string>PBXFileReference</string>
			<key>lastKnownFileType</key>
			<string>sourcecode.c.objc</string>
			<key>path</key>
			<string>PhotoDetailStore.m</string>
			<key>sourceTree</key>
			<string>&lt;group&gt;</string>
		</dict>
		<key>E1C3D8181DAF8B0500044718</key>
		<dict>
			<key>fileRef</key>
			<string>E1C3D8171DAF8B0500044718</string>
			<key>isa</key>
			<string>PBXBuildFile</string>
		</dict>
		<key>E1C3D8191DAF8B3A00044718</key>
		<dict>
			<key>fileEncoding</key>
			<string>4</string>
			<key>isa</key>
			<string>PBXFileReference</string>
			<key>lastKnownFileType</key>
			<string>sourcecode.c.h</string>
			<key>path</key>
			<string>PhotoDetailPipeline.h</string>
			<key>sourceTree</key>
			<string>&lt;group&gt;</string>
		</dict>
		<key>E1C3D81A1DAF8B3A00044718</key>
		<dict>
			<key>fileEncoding</key>
			<string>4</string>
			<key>isa</key>
			<string>PBXFileReference</string>
			<key>lastKnownFileType</key>
			<string>sourcecode.c.objc</string>
			<key>path</key>
			<string>PhotoDetailPipeline.m</string>
			<key>sourceTree</key>
			<string>&lt;group&gt;</string>
		</dict>
		<key>E1C3D81B1DAF8B3A00044718</key>
		<dict>
			<key>fileRef</key>
			<string>E1C3D81A1DAF8B3A00044718</string>
			<key>isa</key>
			<string>PBXBuildFile</string>
		</dict>
		<key>E702B688D1DFD71E0680DE53</key>
		<dict>
			<key>fileRef</key>
			<string>DE42304832BEE7C82AC7AF08</string>
			<key>isa</key>
			<string>PBXBuildFile</string>
		</dict>
	</dict>
	<key>rootObject</key>
	<string>E13555A61D9A714C001F8FA8</string>
</dict>
</plist>
